
Microsoft Visual Studio Solution File, Format Version 12.00
# Visual Studio 2012
Project("{FAE04EC0-301F-11D3-BF4B-00C04F79EFBC}") = "dsfsdfsgffdgdfg", "dsfsdfsgffdgdfg\dsfsdfsgffdgdfg.csproj", "{A19DA014-E758-4B6E-9FA2-8CE73A091057}"
EndProject
Global
	GlobalSection(SolutionConfigurationPlatforms) = preSolution
		Debug|iPhoneSimulator = Debug|iPhoneSimulator
		Release|iPhone = Release|iPhone
		Release|iPhoneSimulator = Release|iPhoneSimulator
		Debug|iPhone = Debug|iPhone
	EndGlobalSection
	GlobalSection(ProjectConfigurationPlatforms) = postSolution
		{A19DA014-E758-4B6E-9FA2-8CE73A091057}.Debug|iPhoneSimulator.ActiveCfg = Debug|iPhoneSimulator
		{A19DA014-E758-4B6E-9FA2-8CE73A091057}.Debug|iPhoneSimulator.Build.0 = Debug|iPhoneSimulator
		{A19DA014-E758-4B6E-9FA2-8CE73A091057}.Release|iPhone.ActiveCfg = Release|iPhone
		{A19DA014-E758-4B6E-9FA2-8CE73A091057}.Release|iPhone.Build.0 = Release|iPhone
		{A19DA014-E758-4B6E-9FA2-8CE73A091057}.Release|iPhoneSimulator.ActiveCfg = Release|iPhoneSimulator
		{A19DA014-E758-4B6E-9FA2-8CE73A091057}.Release|iPhoneSimulator.Build.0 = Release|iPhoneSimulator
		{A19DA014-E758-4B6E-9FA2-8CE73A091057}.Debug|iPhone.ActiveCfg = Debug|iPhone
		{A19DA014-E758-4B6E-9FA2-8CE73A091057}.Debug|iPhone.Build.0 = Debug|iPhone
	EndGlobalSection
EndGlobal
